
Microsoft Visual Studio Solution File, Format Version 12.00
# Visual Studio Version 17
VisualStudioVersion = 17.8.34511.84
MinimumVisualStudioVersion = 10.0.40219.1
Project("{FAE04EC0-301F-11D3-BF4B-00C04F79EFBC}") = "6-CSharpConstantsandLiterals", "6-CSharpConstantsandLiterals.csproj", "{1041378B-BD67-4BC8-AF32-BD43D246DFCB}"
EndProject
Global
	GlobalSection(SolutionConfigurationPlatforms) = preSolution
		Debug|Any CPU = Debug|Any CPU
		Release|Any CPU = Release|Any CPU
	EndGlobalSection
	GlobalSection(ProjectConfigurationPlatforms) = postSolution
		{1041378B-BD67-4BC8-AF32-BD43D246DFCB}.Debug|Any CPU.ActiveCfg = Debug|Any CPU
		{1041378B-BD67-4BC8-AF32-BD43D246DFCB}.Debug|Any CPU.Build.0 = Debug|Any CPU
		{1041378B-BD67-4BC8-AF32-BD43D246DFCB}.Release|Any CPU.ActiveCfg = Release|Any CPU
		{1041378B-BD67-4BC8-AF32-BD43D246DFCB}.Release|Any CPU.Build.0 = Release|Any CPU
	EndGlobalSection
	GlobalSection(SolutionProperties) = preSolution
		HideSolutionNode = FALSE
	EndGlobalSection
	GlobalSection(ExtensibilityGlobals) = postSolution
		SolutionGuid = {D925FB75-52CB-434D-AC43-C40CABD0E336}
	EndGlobalSection
EndGlobal
